{
  "name": "@payk/australia-address-parser",
  "version": "1.0.0",
  "lockfileVersion": 1,
  "requires": true,
  "dependencies": {
    "@babel/runtime-corejs2": {
      "version": "7.7.7",
      "resolved": "https://registry.npmjs.org/@babel/runtime-corejs2/-/runtime-corejs2-7.7.7.tgz",
      "integrity": "sha512-P91T3dFYQL7aj44PxOMIAbo66Ag3NbmXG9fseSYaXxapp3K9XTct5HU9IpTOm2D0AoktKusgqzN5YcSxZXEKBQ==",
      "requires": {
        "core-js": "^2.6.5",
        "regenerator-runtime": "^0.13.2"
      }
    },
    "core-js": {
      "version": "2.6.11",
      "resolved": "https://registry.npmjs.org/core-js/-/core-js-2.6.11.tgz",
      "integrity": "sha512-5wjnpaT/3dV+XB4borEsnAYQchn00XSgTAWKDkEqv+K8KevjbzmofK6hfJ9TZIlpj2N0xQpazy7PiRQiWHqzWg=="
    },
    "regenerator-runtime": {
      "version": "0.13.3",
      "resolved": "https://registry.npmjs.org/regenerator-runtime/-/regenerator-runtime-0.13.3.tgz",
      "integrity": "sha512-naKIZz2GQ8JWh///G7L3X6LaQUAMp2lvb1rvwwsURe/VXwD6VMfr+/1NuNw3ag8v2kY1aQ/go5SNn79O9JU7yw=="
    },
    "xregexp": {
      "version": "4.2.4",
      "resolved": "https://registry.npmjs.org/xregexp/-/xregexp-4.2.4.tgz",
      "integrity": "sha512-sO0bYdYeJAJBcJA8g7MJJX7UrOZIfJPd8U2SC7B2Dd/J24U0aQNoGp33shCaBSWeb0rD5rh6VBUIXOkGal1TZA==",
      "requires": {
        "@babel/runtime-corejs2": "^7.2.0"
      }
    }
  }
}
